// !$*UTF8*$!
{
	archiveVersion = 1;
	classes = {
	};
	objectVersion = 56;
	objects = {

/* Begin PBXBuildFile section */
		A100000000000000000001 /* AppDelegate.swift in Sources */ = {isa = PBXBuildFile; fileRef = A200000000000000000001 /* AppDelegate.swift */; };
		A100000000000000000002 /* SceneDelegate.swift in Sources */ = {isa = PBXBuildFile; fileRef = A200000000000000000002 /* SceneDelegate.swift */; };
		A100000000000000000003 /* Models.swift in Sources */ = {isa = PBXBuildFile; fileRef = A200000000000000000003 /* Models.swift */; };
		A100000000000000000004 /* BrewStore.swift in Sources */ = {isa = PBXBuildFile; fileRef = A200000000000000000004 /* BrewStore.swift */; };
		A100000000000000000005 /* BrewRootViewController.swift in Sources */ = {isa = PBXBuildFile; fileRef = A200000000000000000005 /* BrewRootViewController.swift */; };
		A100000000000000000006 /* HomeViewController.swift in Sources */ = {isa = PBXBuildFile; fileRef = A200000000000000000006 /* HomeViewController.swift */; };
		A100000000000000000007 /* MethodsViewController.swift in Sources */ = {isa = PBXBuildFile; fileRef = A200000000000000000007 /* MethodsViewController.swift */; };
		A100000000000000000008 /* RecipeDetailViewController.swift in Sources */ = {isa = PBXBuildFile; fileRef = A200000000000000000008 /* RecipeDetailViewController.swift */; };
		A100000000000000000009 /* BrewTimerViewController.swift in Sources */ = {isa = PBXBuildFile; fileRef = A200000000000000000009 /* BrewTimerViewController.swift */; };
		A100000000000000000010 /* SessionReviewViewController.swift in Sources */ = {isa = PBXBuildFile; fileRef = A200000000000000000010 /* SessionReviewViewController.swift */; };
		A100000000000000000011 /* HistoryViewController.swift in Sources */ = {isa = PBXBuildFile; fileRef = A200000000000000000011 /* HistoryViewController.swift */; };
/* End PBXBuildFile section */

/* Begin PBXFileReference section */
		A200000000000000000001 /* AppDelegate.swift */ = {isa = PBXFileReference; lastKnownFileType = sourcecode.swift; path = AppDelegate.swift; sourceTree = "<group>"; };
		A200000000000000000002 /* SceneDelegate.swift */ = {isa = PBXFileReference; lastKnownFileType = sourcecode.swift; path = SceneDelegate.swift; sourceTree = "<group>"; };
		A200000000000000000003 /* Models.swift */ = {isa = PBXFileReference; lastKnownFileType = sourcecode.swift; path = Models.swift; sourceTree = "<group>"; };
		A200000000000000000004 /* BrewStore.swift */ = {isa = PBXFileReference; lastKnownFileType = sourcecode.swift; path = BrewStore.swift; sourceTree = "<group>"; };
		A200000000000000000005 /* BrewRootViewController.swift */ = {isa = PBXFileReference; lastKnownFileType = sourcecode.swift; path = BrewRootViewController.swift; sourceTree = "<group>"; };
		A200000000000000000006 /* HomeViewController.swift */ = {isa = PBXFileReference; lastKnownFileType = sourcecode.swift; path = HomeViewController.swift; sourceTree = "<group>"; };
		A200000000000000000007 /* MethodsViewController.swift */ = {isa = PBXFileReference; lastKnownFileType = sourcecode.swift; path = MethodsViewController.swift; sourceTree = "<group>"; };
		A200000000000000000008 /* RecipeDetailViewController.swift */ = {isa = PBXFileReference; lastKnownFileType = sourcecode.swift; path = RecipeDetailViewController.swift; sourceTree = "<group>"; };
		A200000000000000000009 /* BrewTimerViewController.swift */ = {isa = PBXFileReference; lastKnownFileType = sourcecode.swift; path = BrewTimerViewController.swift; sourceTree = "<group>"; };
		A200000000000000000010 /* SessionReviewViewController.swift */ = {isa = PBXFileReference; lastKnownFileType = sourcecode.swift; path = SessionReviewViewController.swift; sourceTree = "<group>"; };
		A200000000000000000011 /* HistoryViewController.swift */ = {isa = PBXFileReference; lastKnownFileType = sourcecode.swift; path = HistoryViewController.swift; sourceTree = "<group>"; };
		A200000000000000000012 /* Info.plist */ = {isa = PBXFileReference; lastKnownFileType = text.plist.xml; path = Info.plist; sourceTree = "<group>"; };
		A200000000000000000013 /* BrewBuddy.app */ = {isa = PBXFileReference; explicitFileType = wrapper.application; includeInIndex = 0; path = BrewBuddy.app; sourceTree = BUILT_PRODUCTS_DIR; };
/* End PBXFileReference section */

/* Begin PBXFrameworksBuildPhase section */
		A300000000000000000001 /* Frameworks */ = {
			isa = PBXFrameworksBuildPhase;
			buildActionMask = 2147483647;
			files = (
			);
			runOnlyForDeploymentPostprocessing = 0;
		};
/* End PBXFrameworksBuildPhase section */

/* Begin PBXGroup section */
		A400000000000000000001 = {
			isa = PBXGroup;
			children = (
				A400000000000000000002 /* BrewBuddy */,
				A400000000000000000003 /* Products */,
			);
			sourceTree = "<group>";
		};
		A400000000000000000002 /* BrewBuddy */ = {
			isa = PBXGroup;
			children = (
				A200000000000000000001 /* AppDelegate.swift */,
				A200000000000000000002 /* SceneDelegate.swift */,
				A200000000000000000003 /* Models.swift */,
				A200000000000000000004 /* BrewStore.swift */,
				A200000000000000000005 /* BrewRootViewController.swift */,
				A200000000000000000006 /* HomeViewController.swift */,
				A200000000000000000007 /* MethodsViewController.swift */,
				A200000000000000000008 /* RecipeDetailViewController.swift */,
				A200000000000000000009 /* BrewTimerViewController.swift */,
				A200000000000000000010 /* SessionReviewViewController.swift */,
				A200000000000000000011 /* HistoryViewController.swift */,
				A200000000000000000012 /* Info.plist */,
			);
			path = BrewBuddy;
			sourceTree = "<group>";
		};
		A400000000000000000003 /* Products */ = {
			isa = PBXGroup;
			children = (
				A200000000000000000013 /* BrewBuddy.app */,
			);
			name = Products;
			sourceTree = "<group>";
		};
/* End PBXGroup section */

/* Begin PBXNativeTarget section */
		A500000000000000000001 /* BrewBuddy */ = {
			isa = PBXNativeTarget;
			buildConfigurationList = A700000000000000000002 /* Build configuration list for PBXNativeTarget "BrewBuddy" */;
			buildPhases = (
				A300000000000000000002 /* Sources */,
				A300000000000000000001 /* Frameworks */,
				A300000000000000000003 /* Resources */,
			);
			buildRules = (
			);
			dependencies = (
			);
			name = BrewBuddy;
			productName = BrewBuddy;
			productReference = A200000000000000000013 /* BrewBuddy.app */;
			productType = "com.apple.product-type.application";
		};
/* End PBXNativeTarget section */

/* Begin PBXProject section */
		A600000000000000000001 /* Project object */ = {
			isa = PBXProject;
			attributes = {
				LastUpgradeCheck = 2600;
				TargetAttributes = {
					A500000000000000000001 = {
						CreatedOnToolsVersion = 26.0.1;
					};
				};
			};
			buildConfigurationList = A700000000000000000001 /* Build configuration list for PBXProject "BrewBuddy" */;
			compatibilityVersion = "Xcode 14.0";
			developmentRegion = en;
			hasScannedForEncodings = 0;
			knownRegions = (
				en,
				Base,
			);
			mainGroup = A400000000000000000001;
			productRefGroup = A400000000000000000003 /* Products */;
			projectDirPath = "";
			projectRoot = "";
			targets = (
				A500000000000000000001 /* BrewBuddy */,
			);
		};
/* End PBXProject section */

/* Begin PBXResourcesBuildPhase section */
		A300000000000000000003 /* Resources */ = {
			isa = PBXResourcesBuildPhase;
			buildActionMask = 2147483647;
			files = (
			);
			runOnlyForDeploymentPostprocessing = 0;
		};
/* End PBXResourcesBuildPhase section */

/* Begin PBXSourcesBuildPhase section */
		A300000000000000000002 /* Sources */ = {
			isa = PBXSourcesBuildPhase;
			buildActionMask = 2147483647;
			files = (
				A100000000000000000001 /* AppDelegate.swift in Sources */,
				A100000000000000000002 /* SceneDelegate.swift in Sources */,
				A100000000000000000003 /* Models.swift in Sources */,
				A100000000000000000004 /* BrewStore.swift in Sources */,
				A100000000000000000005 /* BrewRootViewController.swift in Sources */,
				A100000000000000000006 /* HomeViewController.swift in Sources */,
				A100000000000000000007 /* MethodsViewController.swift in Sources */,
				A100000000000000000008 /* RecipeDetailViewController.swift in Sources */,
				A100000000000000000009 /* BrewTimerViewController.swift in Sources */,
				A100000000000000000010 /* SessionReviewViewController.swift in Sources */,
				A100000000000000000011 /* HistoryViewController.swift in Sources */,
			);
			runOnlyForDeploymentPostprocessing = 0;
		};
/* End PBXSourcesBuildPhase section */

/* Begin XCBuildConfiguration section */
		A800000000000000000001 /* Debug */ = {
			isa = XCBuildConfiguration;
			buildSettings = {
				ALWAYS_SEARCH_USER_PATHS = NO;
				CLANG_ENABLE_MODULES = YES;
				CLANG_ENABLE_OBJC_ARC = YES;
				COPY_PHASE_STRIP = NO;
				DEBUG_INFORMATION_FORMAT = dwarf;
				ENABLE_STRICT_OBJC_MSGSEND = YES;
				ENABLE_TESTABILITY = YES;
				GCC_C_LANGUAGE_STANDARD = gnu17;
				GCC_DYNAMIC_NO_PIC = NO;
				GCC_NO_COMMON_BLOCKS = YES;
				GCC_OPTIMIZATION_LEVEL = 0;
				ONLY_ACTIVE_ARCH = YES;
				SDKROOT = iphoneos;
				SWIFT_ACTIVE_COMPILATION_CONDITIONS = DEBUG;
				SWIFT_OPTIMIZATION_LEVEL = "-Onone";
			};
			name = Debug;
		};
		A800000000000000000002 /* Release */ = {
			isa = XCBuildConfiguration;
			buildSettings = {
				ALWAYS_SEARCH_USER_PATHS = NO;
				CLANG_ENABLE_MODULES = YES;
				CLANG_ENABLE_OBJC_ARC = YES;
				COPY_PHASE_STRIP = NO;
				DEBUG_INFORMATION_FORMAT = "dwarf-with-dsym";
				ENABLE_NS_ASSERTIONS = NO;
				ENABLE_STRICT_OBJC_MSGSEND = YES;
				GCC_C_LANGUAGE_STANDARD = gnu17;
				GCC_NO_COMMON_BLOCKS = YES;
				SDKROOT = iphoneos;
				SWIFT_COMPILATION_MODE = wholemodule;
			};
			name = Release;
		};
		A800000000000000000003 /* Debug */ = {
			isa = XCBuildConfiguration;
			buildSettings = {
				CODE_SIGN_STYLE = Automatic;
				CURRENT_PROJECT_VERSION = 1;
				GENERATE_INFOPLIST_FILE = NO;
				INFOPLIST_FILE = BrewBuddy/Info.plist;
				IPHONEOS_DEPLOYMENT_TARGET = 16.0;
				LD_RUNPATH_SEARCH_PATHS = (
					"$(inherited)",
					"@executable_path/Frameworks",
				);
				MARKETING_VERSION = 1.0;
				PRODUCT_BUNDLE_IDENTIFIER = com.portfolio.BrewBuddy;
				PRODUCT_NAME = "$(TARGET_NAME)";
				SDKROOT = iphoneos;
				SUPPORTED_PLATFORMS = "iphoneos iphonesimulator";
				SWIFT_VERSION = 5.0;
				TARGETED_DEVICE_FAMILY = "1,2";
			};
			name = Debug;
		};
		A800000000000000000004 /* Release */ = {
			isa = XCBuildConfiguration;
			buildSettings = {
				CODE_SIGN_STYLE = Automatic;
				CURRENT_PROJECT_VERSION = 1;
				GENERATE_INFOPLIST_FILE = NO;
				INFOPLIST_FILE = BrewBuddy/Info.plist;
				IPHONEOS_DEPLOYMENT_TARGET = 16.0;
				LD_RUNPATH_SEARCH_PATHS = (
					"$(inherited)",
					"@executable_path/Frameworks",
				);
				MARKETING_VERSION = 1.0;
				PRODUCT_BUNDLE_IDENTIFIER = com.portfolio.BrewBuddy;
				PRODUCT_NAME = "$(TARGET_NAME)";
				SDKROOT = iphoneos;
				SUPPORTED_PLATFORMS = "iphoneos iphonesimulator";
				SWIFT_VERSION = 5.0;
				TARGETED_DEVICE_FAMILY = "1,2";
			};
			name = Release;
		};
/* End XCBuildConfiguration section */

/* Begin XCConfigurationList section */
		A700000000000000000001 /* Build configuration list for PBXProject "BrewBuddy" */ = {
			isa = XCConfigurationList;
			buildConfigurations = (
				A800000000000000000001 /* Debug */,
				A800000000000000000002 /* Release */,
			);
			defaultConfigurationIsVisible = 0;
			defaultConfigurationName = Release;
		};
		A700000000000000000002 /* Build configuration list for PBXNativeTarget "BrewBuddy" */ = {
			isa = XCConfigurationList;
			buildConfigurations = (
				A800000000000000000003 /* Debug */,
				A800000000000000000004 /* Release */,
			);
			defaultConfigurationIsVisible = 0;
			defaultConfigurationName = Release;
		};
/* End XCConfigurationList section */
	};
	rootObject = A600000000000000000001 /* Project object */;
}
